// !$*UTF8*$!
{
	archiveVersion = 1;
	classes = {
	};
	objectVersion = 56;
	objects = {

/* Begin PBXBuildFile section */
		2256756E2BCD86510095C19C /* ThreadsCloneApp.swift in Sources */ = {isa = PBXBuildFile; fileRef = 2256756D2BCD86510095C19C /* ThreadsCloneApp.swift */; };
		225675702BCD86510095C19C /* ContentView.swift in Sources */ = {isa = PBXBuildFile; fileRef = 2256756F2BCD86510095C19C /* ContentView.swift */; };
		225675722BCD86540095C19C /* Assets.xcassets in Resources */ = {isa = PBXBuildFile; fileRef = 225675712BCD86540095C19C /* Assets.xcassets */; };
		225675752BCD86540095C19C /* Preview Assets.xcassets in Resources */ = {isa = PBXBuildFile; fileRef = 225675742BCD86540095C19C /* Preview Assets.xcassets */; };
		225675852BCDADAC0095C19C /* LoginView.swift in Sources */ = {isa = PBXBuildFile; fileRef = 225675842BCDADAC0095C19C /* LoginView.swift */; };
		225675872BCDB39B0095C19C /* RegistrationView.swift in Sources */ = {isa = PBXBuildFile; fileRef = 225675862BCDB39B0095C19C /* RegistrationView.swift */; };
		2256758A2BCE67100095C19C /* TextFieldModifiers.swift in Sources */ = {isa = PBXBuildFile; fileRef = 225675892BCE67100095C19C /* TextFieldModifiers.swift */; };
		2256758D2BCE81210095C19C /* TabView.swift in Sources */ = {isa = PBXBuildFile; fileRef = 2256758C2BCE81210095C19C /* TabView.swift */; };
		225675912BCEFAEA0095C19C /* FeedView.swift in Sources */ = {isa = PBXBuildFile; fileRef = 225675902BCEFAEA0095C19C /* FeedView.swift */; };
		225675952BCEFBBA0095C19C /* ExploreView.swift in Sources */ = {isa = PBXBuildFile; fileRef = 225675942BCEFBBA0095C19C /* ExploreView.swift */; };
		225675992BCEFC010095C19C /* CreateView.swift in Sources */ = {isa = PBXBuildFile; fileRef = 225675982BCEFC010095C19C /* CreateView.swift */; };
		2256759D2BCEFC2E0095C19C /* ActivityView.swift in Sources */ = {isa = PBXBuildFile; fileRef = 2256759C2BCEFC2E0095C19C /* ActivityView.swift */; };
		225675A12BCEFC4E0095C19C /* ProfileView.swift in Sources */ = {isa = PBXBuildFile; fileRef = 225675A02BCEFC4E0095C19C /* ProfileView.swift */; };
		225675A32BCEFDA10095C19C /* ThreadCell.swift in Sources */ = {isa = PBXBuildFile; fileRef = 225675A22BCEFDA10095C19C /* ThreadCell.swift */; };
		228B09902BCFD24F00ECBCE1 /* CirculaProfileImageView.swift in Sources */ = {isa = PBXBuildFile; fileRef = 228B098F2BCFD24F00ECBCE1 /* CirculaProfileImageView.swift */; };
		228B09922BCFD3FD00ECBCE1 /* UserCell.swift in Sources */ = {isa = PBXBuildFile; fileRef = 228B09912BCFD3FD00ECBCE1 /* UserCell.swift */; };
		228B09952BD0253C00ECBCE1 /* ProfileFilter.swift in Sources */ = {isa = PBXBuildFile; fileRef = 228B09942BD0253C00ECBCE1 /* ProfileFilter.swift */; };
		228B09992BD1229000ECBCE1 /* EditProfileView.swift in Sources */ = {isa = PBXBuildFile; fileRef = 228B09982BD1229000ECBCE1 /* EditProfileView.swift */; };
		228B099B2BD2F53600ECBCE1 /* GoogleService-Info.plist in Resources */ = {isa = PBXBuildFile; fileRef = 228B099A2BD2F53500ECBCE1 /* GoogleService-Info.plist */; };
		228B099F2BD3AF3300ECBCE1 /* FirebaseAuth in Frameworks */ = {isa = PBXBuildFile; productRef = 228B099E2BD3AF3300ECBCE1 /* FirebaseAuth */; };
		228B09A12BD3AF3300ECBCE1 /* FirebaseFirestore in Frameworks */ = {isa = PBXBuildFile; productRef = 228B09A02BD3AF3300ECBCE1 /* FirebaseFirestore */; };
		228B09A32BD3AF3300ECBCE1 /* FirebaseFirestoreSwift in Frameworks */ = {isa = PBXBuildFile; productRef = 228B09A22BD3AF3300ECBCE1 /* FirebaseFirestoreSwift */; };
		228B09A52BD3AF3300ECBCE1 /* FirebaseStorage in Frameworks */ = {isa = PBXBuildFile; productRef = 228B09A42BD3AF3300ECBCE1 /* FirebaseStorage */; };
		228B09A92BD3BEE800ECBCE1 /* RegistrationViewModel.swift in Sources */ = {isa = PBXBuildFile; fileRef = 228B09A82BD3BEE800ECBCE1 /* RegistrationViewModel.swift */; };
		228B09AB2BD3C70400ECBCE1 /* AuthService.swift in Sources */ = {isa = PBXBuildFile; fileRef = 228B09AA2BD3C70400ECBCE1 /* AuthService.swift */; };
		228B09AF2BD3FBE900ECBCE1 /* ContentViewModel.swift in Sources */ = {isa = PBXBuildFile; fileRef = 228B09AE2BD3FBE900ECBCE1 /* ContentViewModel.swift */; };
		228B09B12BD408EB00ECBCE1 /* LoginViewModel.swift in Sources */ = {isa = PBXBuildFile; fileRef = 228B09B02BD408EB00ECBCE1 /* LoginViewModel.swift */; };
/* End PBXBuildFile section */

/* Begin PBXFileReference section */
		2256756A2BCD86510095C19C /* ThreadsClone.app */ = {isa = PBXFileReference; explicitFileType = wrapper.application; includeInIndex = 0; path = ThreadsClone.app; sourceTree = BUILT_PRODUCTS_DIR; };
		2256756D2BCD86510095C19C /* ThreadsCloneApp.swift */ = {isa = PBXFileReference; lastKnownFileType = sourcecode.swift; path = ThreadsCloneApp.swift; sourceTree = "<group>"; };
		2256756F2BCD86510095C19C /* ContentView.swift */ = {isa = PBXFileReference; lastKnownFileType = sourcecode.swift; path = ContentView.swift; sourceTree = "<group>"; };
		225675712BCD86540095C19C /* Assets.xcassets */ = {isa = PBXFileReference; lastKnownFileType = folder.assetcatalog; path = Assets.xcassets; sourceTree = "<group>"; };
		225675742BCD86540095C19C /* Preview Assets.xcassets */ = {isa = PBXFileReference; lastKnownFileType = folder.assetcatalog; path = "Preview Assets.xcassets"; sourceTree = "<group>"; };
		225675842BCDADAC0095C19C /* LoginView.swift */ = {isa = PBXFileReference; lastKnownFileType = sourcecode.swift; path = LoginView.swift; sourceTree = "<group>"; };
		225675862BCDB39B0095C19C /* RegistrationView.swift */ = {isa = PBXFileReference; lastKnownFileType = sourcecode.swift; path = RegistrationView.swift; sourceTree = "<group>"; };
		225675892BCE67100095C19C /* TextFieldModifiers.swift */ = {isa = PBXFileReference; lastKnownFileType = sourcecode.swift; path = TextFieldModifiers.swift; sourceTree = "<group>"; };
		2256758C2BCE81210095C19C /* TabView.swift */ = {isa = PBXFileReference; lastKnownFileType = sourcecode.swift; path = TabView.swift; sourceTree = "<group>"; };
		225675902BCEFAEA0095C19C /* FeedView.swift */ = {isa = PBXFileReference; lastKnownFileType = sourcecode.swift; path = FeedView.swift; sourceTree = "<group>"; };
		225675942BCEFBBA0095C19C /* ExploreView.swift */ = {isa = PBXFileReference; lastKnownFileType = sourcecode.swift; path = ExploreView.swift; sourceTree = "<group>"; };
		225675982BCEFC010095C19C /* CreateView.swift */ = {isa = PBXFileReference; lastKnownFileType = sourcecode.swift; path = CreateView.swift; sourceTree = "<group>"; };
		2256759C2BCEFC2E0095C19C /* ActivityView.swift */ = {isa = PBXFileReference; lastKnownFileType = sourcecode.swift; path = ActivityView.swift; sourceTree = "<group>"; };
		225675A02BCEFC4E0095C19C /* ProfileView.swift */ = {isa = PBXFileReference; lastKnownFileType = sourcecode.swift; path = ProfileView.swift; sourceTree = "<group>"; };
		225675A22BCEFDA10095C19C /* ThreadCell.swift */ = {isa = PBXFileReference; lastKnownFileType = sourcecode.swift; path = ThreadCell.swift; sourceTree = "<group>"; };
		228B098F2BCFD24F00ECBCE1 /* CirculaProfileImageView.swift */ = {isa = PBXFileReference; lastKnownFileType = sourcecode.swift; path = CirculaProfileImageView.swift; sourceTree = "<group>"; };
		228B09912BCFD3FD00ECBCE1 /* UserCell.swift */ = {isa = PBXFileReference; lastKnownFileType = sourcecode.swift; path = UserCell.swift; sourceTree = "<group>"; };
		228B09942BD0253C00ECBCE1 /* ProfileFilter.swift */ = {isa = PBXFileReference; lastKnownFileType = sourcecode.swift; path = ProfileFilter.swift; sourceTree = "<group>"; };
		228B09982BD1229000ECBCE1 /* EditProfileView.swift */ = {isa = PBXFileReference; lastKnownFileType = sourcecode.swift; path = EditProfileView.swift; sourceTree = "<group>"; };
		228B099A2BD2F53500ECBCE1 /* GoogleService-Info.plist */ = {isa = PBXFileReference; fileEncoding = 4; lastKnownFileType = text.plist.xml; path = "GoogleService-Info.plist"; sourceTree = "<group>"; };
		228B09A82BD3BEE800ECBCE1 /* RegistrationViewModel.swift */ = {isa = PBXFileReference; lastKnownFileType = sourcecode.swift; path = RegistrationViewModel.swift; sourceTree = "<group>"; };
		228B09AA2BD3C70400ECBCE1 /* AuthService.swift */ = {isa = PBXFileReference; lastKnownFileType = sourcecode.swift; path = AuthService.swift; sourceTree = "<group>"; };
		228B09AE2BD3FBE900ECBCE1 /* ContentViewModel.swift */ = {isa = PBXFileReference; lastKnownFileType = sourcecode.swift; path = ContentViewModel.swift; sourceTree = "<group>"; };
		228B09B02BD408EB00ECBCE1 /* LoginViewModel.swift */ = {isa = PBXFileReference; lastKnownFileType = sourcecode.swift; path = LoginViewModel.swift; sourceTree = "<group>"; };
/* End PBXFileReference section */

/* Begin PBXFrameworksBuildPhase section */
		225675672BCD86510095C19C /* Frameworks */ = {
			isa = PBXFrameworksBuildPhase;
			buildActionMask = 2147483647;
			files = (
				228B099F2BD3AF3300ECBCE1 /* FirebaseAuth in Frameworks */,
				228B09A52BD3AF3300ECBCE1 /* FirebaseStorage in Frameworks */,
				228B09A12BD3AF3300ECBCE1 /* FirebaseFirestore in Frameworks */,
				228B09A32BD3AF3300ECBCE1 /* FirebaseFirestoreSwift in Frameworks */,
			);
			runOnlyForDeploymentPostprocessing = 0;
		};
/* End PBXFrameworksBuildPhase section */

/* Begin PBXGroup section */
		225675612BCD86510095C19C = {
			isa = PBXGroup;
			children = (
				2256756C2BCD86510095C19C /* ThreadsClone */,
				2256756B2BCD86510095C19C /* Products */,
			);
			sourceTree = "<group>";
		};
		2256756B2BCD86510095C19C /* Products */ = {
			isa = PBXGroup;
			children = (
				2256756A2BCD86510095C19C /* ThreadsClone.app */,
			);
			name = Products;
			sourceTree = "<group>";
		};
		2256756C2BCD86510095C19C /* ThreadsClone */ = {
			isa = PBXGroup;
			children = (
				2256757B2BCD9CCB0095C19C /* App */,
				225675802BCD9CFD0095C19C /* Core */,
				2256757E2BCD9CF60095C19C /* Model */,
				2256757F2BCD9CF90095C19C /* Extensions */,
				2256757D2BCD9CF20095C19C /* Services */,
				228B099A2BD2F53500ECBCE1 /* GoogleService-Info.plist */,
				2256757C2BCD9CED0095C19C /* Utils */,
				2256756D2BCD86510095C19C /* ThreadsCloneApp.swift */,
				225675712BCD86540095C19C /* Assets.xcassets */,
				225675732BCD86540095C19C /* Preview Content */,
			);
			path = ThreadsClone;
			sourceTree = "<group>";
		};
		225675732BCD86540095C19C /* Preview Content */ = {
			isa = PBXGroup;
			children = (
				225675742BCD86540095C19C /* Preview Assets.xcassets */,
			);
			path = "Preview Content";
			sourceTree = "<group>";
		};
		2256757B2BCD9CCB0095C19C /* App */ = {
			isa = PBXGroup;
			children = (
			);
			path = App;
			sourceTree = "<group>";
		};
		2256757C2BCD9CED0095C19C /* Utils */ = {
			isa = PBXGroup;
			children = (
				225675882BCE66DC0095C19C /* ViewModilfiers */,
			);
			path = Utils;
			sourceTree = "<group>";
		};
		2256757D2BCD9CF20095C19C /* Services */ = {
			isa = PBXGroup;
			children = (
			);
			path = Services;
			sourceTree = "<group>";
		};
		2256757E2BCD9CF60095C19C /* Model */ = {
			isa = PBXGroup;
			children = (
			);
			path = Model;
			sourceTree = "<group>";
		};
		2256757F2BCD9CF90095C19C /* Extensions */ = {
			isa = PBXGroup;
			children = (
			);
			path = Extensions;
			sourceTree = "<group>";
		};
		225675802BCD9CFD0095C19C /* Core */ = {
			isa = PBXGroup;
			children = (
				2256759A2BCEFC110095C19C /* Activity */,
				225675812BCDABF50095C19C /* Authentication */,
				228B098E2BCFD04500ECBCE1 /* Components */,
				225675962BCEFBE40095C19C /* CreateView */,
				2256759E2BCEFC330095C19C /* Profile */,
				2256758E2BCEFAD00095C19C /* Feed */,
				225675922BCEFB9B0095C19C /* Explore */,
				2256758B2BCE80F90095C19C /* TabBar */,
				225675822BCDAC080095C19C /* Root */,
			);
			path = Core;
			sourceTree = "<group>";
		};
		225675812BCDABF50095C19C /* Authentication */ = {
			isa = PBXGroup;
			children = (
				228B09A72BD3BEC100ECBCE1 /* Service */,
				228B09A62BD3BEB800ECBCE1 /* ViewModel */,
				225675832BCDAD910095C19C /* Views */,
			);
			path = Authentication;
			sourceTree = "<group>";
		};
		225675822BCDAC080095C19C /* Root */ = {
			isa = PBXGroup;
			children = (
				228B09AD2BD3FBB700ECBCE1 /* ViewModel */,
				228B09AC2BD3FBAD00ECBCE1 /* View */,
			);
			path = Root;
			sourceTree = "<group>";
		};
		225675832BCDAD910095C19C /* Views */ = {
			isa = PBXGroup;
			children = (
				225675842BCDADAC0095C19C /* LoginView.swift */,
				225675862BCDB39B0095C19C /* RegistrationView.swift */,
			);
			path = Views;
			sourceTree = "<group>";
		};
		225675882BCE66DC0095C19C /* ViewModilfiers */ = {
			isa = PBXGroup;
			children = (
				225675892BCE67100095C19C /* TextFieldModifiers.swift */,
			);
			path = ViewModilfiers;
			sourceTree = "<group>";
		};
		2256758B2BCE80F90095C19C /* TabBar */ = {
			isa = PBXGroup;
			children = (
				2256758C2BCE81210095C19C /* TabView.swift */,
			);
			path = TabBar;
			sourceTree = "<group>";
		};
		2256758E2BCEFAD00095C19C /* Feed */ = {
			isa = PBXGroup;
			children = (
				2256758F2BCEFADA0095C19C /* View */,
			);
			path = Feed;
			sourceTree = "<group>";
		};
		2256758F2BCEFADA0095C19C /* View */ = {
			isa = PBXGroup;
			children = (
				225675902BCEFAEA0095C19C /* FeedView.swift */,
				225675A22BCEFDA10095C19C /* ThreadCell.swift */,
			);
			path = View;
			sourceTree = "<group>";
		};
		225675922BCEFB9B0095C19C /* Explore */ = {
			isa = PBXGroup;
			children = (
				225675932BCEFBA40095C19C /* View */,
			);
			path = Explore;
			sourceTree = "<group>";
		};
		225675932BCEFBA40095C19C /* View */ = {
			isa = PBXGroup;
			children = (
				225675942BCEFBBA0095C19C /* ExploreView.swift */,
			);
			path = View;
			sourceTree = "<group>";
		};
		225675962BCEFBE40095C19C /* CreateView */ = {
			isa = PBXGroup;
			children = (
				225675972BCEFBEF0095C19C /* View */,
			);
			path = CreateView;
			sourceTree = "<group>";
		};
		225675972BCEFBEF0095C19C /* View */ = {
			isa = PBXGroup;
			children = (
				225675982BCEFC010095C19C /* CreateView.swift */,
			);
			path = View;
			sourceTree = "<group>";
		};
		2256759A2BCEFC110095C19C /* Activity */ = {
			isa = PBXGroup;
			children = (
				2256759B2BCEFC1B0095C19C /* View */,
			);
			path = Activity;
			sourceTree = "<group>";
		};
		2256759B2BCEFC1B0095C19C /* View */ = {
			isa = PBXGroup;
			children = (
				2256759C2BCEFC2E0095C19C /* ActivityView.swift */,
			);
			path = View;
			sourceTree = "<group>";
		};
		2256759E2BCEFC330095C19C /* Profile */ = {
			isa = PBXGroup;
			children = (
				228B09962BD1226B00ECBCE1 /* EditProfile */,
				228B09932BD0252C00ECBCE1 /* Model */,
				2256759F2BCEFC3E0095C19C /* View */,
			);
			path = Profile;
			sourceTree = "<group>";
		};
		2256759F2BCEFC3E0095C19C /* View */ = {
			isa = PBXGroup;
			children = (
				225675A02BCEFC4E0095C19C /* ProfileView.swift */,
			);
			path = View;
			sourceTree = "<group>";
		};
		228B098E2BCFD04500ECBCE1 /* Components */ = {
			isa = PBXGroup;
			children = (
				228B098F2BCFD24F00ECBCE1 /* CirculaProfileImageView.swift */,
				228B09912BCFD3FD00ECBCE1 /* UserCell.swift */,
			);
			path = Components;
			sourceTree = "<group>";
		};
		228B09932BD0252C00ECBCE1 /* Model */ = {
			isa = PBXGroup;
			children = (
				228B09942BD0253C00ECBCE1 /* ProfileFilter.swift */,
			);
			path = Model;
			sourceTree = "<group>";
		};
		228B09962BD1226B00ECBCE1 /* EditProfile */ = {
			isa = PBXGroup;
			children = (
				228B09972BD1228000ECBCE1 /* View */,
			);
			path = EditProfile;
			sourceTree = "<group>";
		};
		228B09972BD1228000ECBCE1 /* View */ = {
			isa = PBXGroup;
			children = (
				228B09982BD1229000ECBCE1 /* EditProfileView.swift */,
			);
			path = View;
			sourceTree = "<group>";
		};
		228B09A62BD3BEB800ECBCE1 /* ViewModel */ = {
			isa = PBXGroup;
			children = (
				228B09A82BD3BEE800ECBCE1 /* RegistrationViewModel.swift */,
				228B09B02BD408EB00ECBCE1 /* LoginViewModel.swift */,
			);
			path = ViewModel;
			sourceTree = "<group>";
		};
		228B09A72BD3BEC100ECBCE1 /* Service */ = {
			isa = PBXGroup;
			children = (
				228B09AA2BD3C70400ECBCE1 /* AuthService.swift */,
			);
			path = Service;
			sourceTree = "<group>";
		};
		228B09AC2BD3FBAD00ECBCE1 /* View */ = {
			isa = PBXGroup;
			children = (
				2256756F2BCD86510095C19C /* ContentView.swift */,
			);
			path = View;
			sourceTree = "<group>";
		};
		228B09AD2BD3FBB700ECBCE1 /* ViewModel */ = {
			isa = PBXGroup;
			children = (
				228B09AE2BD3FBE900ECBCE1 /* ContentViewModel.swift */,
			);
			path = ViewModel;
			sourceTree = "<group>";
		};
/* End PBXGroup section */

/* Begin PBXNativeTarget section */
		225675692BCD86510095C19C /* ThreadsClone */ = {
			isa = PBXNativeTarget;
			buildConfigurationList = 225675782BCD86540095C19C /* Build configuration list for PBXNativeTarget "ThreadsClone" */;
			buildPhases = (
				225675662BCD86510095C19C /* Sources */,
				225675672BCD86510095C19C /* Frameworks */,
				225675682BCD86510095C19C /* Resources */,
			);
			buildRules = (
			);
			dependencies = (
			);
			name = ThreadsClone;
			packageProductDependencies = (
				228B099E2BD3AF3300ECBCE1 /* FirebaseAuth */,
				228B09A02BD3AF3300ECBCE1 /* FirebaseFirestore */,
				228B09A22BD3AF3300ECBCE1 /* FirebaseFirestoreSwift */,
				228B09A42BD3AF3300ECBCE1 /* FirebaseStorage */,
			);
			productName = ThreadsClone;
			productReference = 2256756A2BCD86510095C19C /* ThreadsClone.app */;
			productType = "com.apple.product-type.application";
		};
/* End PBXNativeTarget section */

/* Begin PBXProject section */
		225675622BCD86510095C19C /* Project object */ = {
			isa = PBXProject;
			attributes = {
				BuildIndependentTargetsInParallel = 1;
				LastSwiftUpdateCheck = 1430;
				LastUpgradeCheck = 1430;
				TargetAttributes = {
					225675692BCD86510095C19C = {
						CreatedOnToolsVersion = 14.3;
					};
				};
			};
			buildConfigurationList = 225675652BCD86510095C19C /* Build configuration list for PBXProject "ThreadsClone" */;
			compatibilityVersion = "Xcode 14.0";
			developmentRegion = en;
			hasScannedForEncodings = 0;
			knownRegions = (
				en,
				Base,
			);
			mainGroup = 225675612BCD86510095C19C;
			packageReferences = (
				228B099D2BD3AF3300ECBCE1 /* XCRemoteSwiftPackageReference "firebase-ios-sdk" */,
			);
			productRefGroup = 2256756B2BCD86510095C19C /* Products */;
			projectDirPath = "";
			projectRoot = "";
			targets = (
				225675692BCD86510095C19C /* ThreadsClone */,
			);
		};
/* End PBXProject section */

/* Begin PBXResourcesBuildPhase section */
		225675682BCD86510095C19C /* Resources */ = {
			isa = PBXResourcesBuildPhase;
			buildActionMask = 2147483647;
			files = (
				225675752BCD86540095C19C /* Preview Assets.xcassets in Resources */,
				228B099B2BD2F53600ECBCE1 /* GoogleService-Info.plist in Resources */,
				225675722BCD86540095C19C /* Assets.xcassets in Resources */,
			);
			runOnlyForDeploymentPostprocessing = 0;
		};
/* End PBXResourcesBuildPhase section */

/* Begin PBXSourcesBuildPhase section */
		225675662BCD86510095C19C /* Sources */ = {
			isa = PBXSourcesBuildPhase;
			buildActionMask = 2147483647;
			files = (
				225675912BCEFAEA0095C19C /* FeedView.swift in Sources */,
				228B09A92BD3BEE800ECBCE1 /* RegistrationViewModel.swift in Sources */,
				225675992BCEFC010095C19C /* CreateView.swift in Sources */,
				228B09AB2BD3C70400ECBCE1 /* AuthService.swift in Sources */,
				228B09992BD1229000ECBCE1 /* EditProfileView.swift in Sources */,
				225675852BCDADAC0095C19C /* LoginView.swift in Sources */,
				225675A32BCEFDA10095C19C /* ThreadCell.swift in Sources */,
				2256759D2BCEFC2E0095C19C /* ActivityView.swift in Sources */,
				228B09B12BD408EB00ECBCE1 /* LoginViewModel.swift in Sources */,
				225675702BCD86510095C19C /* ContentView.swift in Sources */,
				228B09922BCFD3FD00ECBCE1 /* UserCell.swift in Sources */,
				2256756E2BCD86510095C19C /* ThreadsCloneApp.swift in Sources */,
				2256758A2BCE67100095C19C /* TextFieldModifiers.swift in Sources */,
				228B09AF2BD3FBE900ECBCE1 /* ContentViewModel.swift in Sources */,
				2256758D2BCE81210095C19C /* TabView.swift in Sources */,
				228B09952BD0253C00ECBCE1 /* ProfileFilter.swift in Sources */,
				228B09902BCFD24F00ECBCE1 /* CirculaProfileImageView.swift in Sources */,
				225675952BCEFBBA0095C19C /* ExploreView.swift in Sources */,
				225675A12BCEFC4E0095C19C /* ProfileView.swift in Sources */,
				225675872BCDB39B0095C19C /* RegistrationView.swift in Sources */,
			);
			runOnlyForDeploymentPostprocessing = 0;
		};
/* End PBXSourcesBuildPhase section */

/* Begin XCBuildConfiguration section */
		225675762BCD86540095C19C /* Debug */ = {
			isa = XCBuildConfiguration;
			buildSettings = {
				ALWAYS_SEARCH_USER_PATHS = NO;
				CLANG_ANALYZER_NONNULL = YES;
				CLANG_ANALYZER_NUMBER_OBJECT_CONVERSION = YES_AGGRESSIVE;
				CLANG_CXX_LANGUAGE_STANDARD = "gnu++20";
				CLANG_ENABLE_MODULES = YES;
				CLANG_ENABLE_OBJC_ARC = YES;
				CLANG_ENABLE_OBJC_WEAK = YES;
				CLANG_WARN_BLOCK_CAPTURE_AUTORELEASING = YES;
				CLANG_WARN_BOOL_CONVERSION = YES;
				CLANG_WARN_COMMA = YES;
				CLANG_WARN_CONSTANT_CONVERSION = YES;
				CLANG_WARN_DEPRECATED_OBJC_IMPLEMENTATIONS = YES;
				CLANG_WARN_DIRECT_OBJC_ISA_USAGE = YES_ERROR;
				CLANG_WARN_DOCUMENTATION_COMMENTS = YES;
				CLANG_WARN_EMPTY_BODY = YES;
				CLANG_WARN_ENUM_CONVERSION = YES;
				CLANG_WARN_INFINITE_RECURSION = YES;
				CLANG_WARN_INT_CONVERSION = YES;
				CLANG_WARN_NON_LITERAL_NULL_CONVERSION = YES;
				CLANG_WARN_OBJC_IMPLICIT_RETAIN_SELF = YES;
				CLANG_WARN_OBJC_LITERAL_CONVERSION = YES;
				CLANG_WARN_OBJC_ROOT_CLASS = YES_ERROR;
				CLANG_WARN_QUOTED_INCLUDE_IN_FRAMEWORK_HEADER = YES;
				CLANG_WARN_RANGE_LOOP_ANALYSIS = YES;
				CLANG_WARN_STRICT_PROTOTYPES = YES;
				CLANG_WARN_SUSPICIOUS_MOVE = YES;
				CLANG_WARN_UNGUARDED_AVAILABILITY = YES_AGGRESSIVE;
				CLANG_WARN_UNREACHABLE_CODE = YES;
				CLANG_WARN__DUPLICATE_METHOD_MATCH = YES;
				COPY_PHASE_STRIP = NO;
				DEBUG_INFORMATION_FORMAT = dwarf;
				ENABLE_STRICT_OBJC_MSGSEND = YES;
				ENABLE_TESTABILITY = YES;
				GCC_C_LANGUAGE_STANDARD = gnu11;
				GCC_DYNAMIC_NO_PIC = NO;
				GCC_NO_COMMON_BLOCKS = YES;
				GCC_OPTIMIZATION_LEVEL = 0;
				GCC_PREPROCESSOR_DEFINITIONS = (
					"DEBUG=1",
					"$(inherited)",
				);
				GCC_WARN_64_TO_32_BIT_CONVERSION = YES;
				GCC_WARN_ABOUT_RETURN_TYPE = YES_ERROR;
				GCC_WARN_UNDECLARED_SELECTOR = YES;
				GCC_WARN_UNINITIALIZED_AUTOS = YES_AGGRESSIVE;
				GCC_WARN_UNUSED_FUNCTION = YES;
				GCC_WARN_UNUSED_VARIABLE = YES;
				IPHONEOS_DEPLOYMENT_TARGET = 16.4;
				MTL_ENABLE_DEBUG_INFO = INCLUDE_SOURCE;
				MTL_FAST_MATH = YES;
				ONLY_ACTIVE_ARCH = YES;
				SDKROOT = iphoneos;
				SWIFT_ACTIVE_COMPILATION_CONDITIONS = DEBUG;
				SWIFT_OPTIMIZATION_LEVEL = "-Onone";
			};
			name = Debug;
		};
		225675772BCD86540095C19C /* Release */ = {
			isa = XCBuildConfiguration;
			buildSettings = {
				ALWAYS_SEARCH_USER_PATHS = NO;
				CLANG_ANALYZER_NONNULL = YES;
				CLANG_ANALYZER_NUMBER_OBJECT_CONVERSION = YES_AGGRESSIVE;
				CLANG_CXX_LANGUAGE_STANDARD = "gnu++20";
				CLANG_ENABLE_MODULES = YES;
				CLANG_ENABLE_OBJC_ARC = YES;
				CLANG_ENABLE_OBJC_WEAK = YES;
				CLANG_WARN_BLOCK_CAPTURE_AUTORELEASING = YES;
				CLANG_WARN_BOOL_CONVERSION = YES;
				CLANG_WARN_COMMA = YES;
				CLANG_WARN_CONSTANT_CONVERSION = YES;
				CLANG_WARN_DEPRECATED_OBJC_IMPLEMENTATIONS = YES;
				CLANG_WARN_DIRECT_OBJC_ISA_USAGE = YES_ERROR;
				CLANG_WARN_DOCUMENTATION_COMMENTS = YES;
				CLANG_WARN_EMPTY_BODY = YES;
				CLANG_WARN_ENUM_CONVERSION = YES;
				CLANG_WARN_INFINITE_RECURSION = YES;
				CLANG_WARN_INT_CONVERSION = YES;
				CLANG_WARN_NON_LITERAL_NULL_CONVERSION = YES;
				CLANG_WARN_OBJC_IMPLICIT_RETAIN_SELF = YES;
				CLANG_WARN_OBJC_LITERAL_CONVERSION = YES;
				CLANG_WARN_OBJC_ROOT_CLASS = YES_ERROR;
				CLANG_WARN_QUOTED_INCLUDE_IN_FRAMEWORK_HEADER = YES;
				CLANG_WARN_RANGE_LOOP_ANALYSIS = YES;
				CLANG_WARN_STRICT_PROTOTYPES = YES;
				CLANG_WARN_SUSPICIOUS_MOVE = YES;
				CLANG_WARN_UNGUARDED_AVAILABILITY = YES_AGGRESSIVE;
				CLANG_WARN_UNREACHABLE_CODE = YES;
				CLANG_WARN__DUPLICATE_METHOD_MATCH = YES;
				COPY_PHASE_STRIP = NO;
				DEBUG_INFORMATION_FORMAT = "dwarf-with-dsym";
				ENABLE_NS_ASSERTIONS = NO;
				ENABLE_STRICT_OBJC_MSGSEND = YES;
				GCC_C_LANGUAGE_STANDARD = gnu11;
				GCC_NO_COMMON_BLOCKS = YES;
				GCC_WARN_64_TO_32_BIT_CONVERSION = YES;
				GCC_WARN_ABOUT_RETURN_TYPE = YES_ERROR;
				GCC_WARN_UNDECLARED_SELECTOR = YES;
				GCC_WARN_UNINITIALIZED_AUTOS = YES_AGGRESSIVE;
				GCC_WARN_UNUSED_FUNCTION = YES;
				GCC_WARN_UNUSED_VARIABLE = YES;
				IPHONEOS_DEPLOYMENT_TARGET = 16.4;
				MTL_ENABLE_DEBUG_INFO = NO;
				MTL_FAST_MATH = YES;
				SDKROOT = iphoneos;
				SWIFT_COMPILATION_MODE = wholemodule;
				SWIFT_OPTIMIZATION_LEVEL = "-O";
				VALIDATE_PRODUCT = YES;
			};
			name = Release;
		};
		225675792BCD86540095C19C /* Debug */ = {
			isa = XCBuildConfiguration;
			buildSettings = {
				ASSETCATALOG_COMPILER_APPICON_NAME = AppIcon;
				ASSETCATALOG_COMPILER_GLOBAL_ACCENT_COLOR_NAME = AccentColor;
				CODE_SIGN_STYLE = Automatic;
				CURRENT_PROJECT_VERSION = 1;
				DEVELOPMENT_ASSET_PATHS = "\"ThreadsClone/Preview Content\"";
				ENABLE_PREVIEWS = YES;
				GENERATE_INFOPLIST_FILE = YES;
				INFOPLIST_KEY_UIApplicationSceneManifest_Generation = YES;
				INFOPLIST_KEY_UIApplicationSupportsIndirectInputEvents = YES;
				INFOPLIST_KEY_UILaunchScreen_Generation = YES;
				INFOPLIST_KEY_UISupportedInterfaceOrientations_iPad = "UIInterfaceOrientationPortrait UIInterfaceOrientationPortraitUpsideDown UIInterfaceOrientationLandscapeLeft UIInterfaceOrientationLandscapeRight";
				INFOPLIST_KEY_UISupportedInterfaceOrientations_iPhone = "UIInterfaceOrientationPortrait UIInterfaceOrientationLandscapeLeft UIInterfaceOrientationLandscapeRight";
				LD_RUNPATH_SEARCH_PATHS = (
					"$(inherited)",
					"@executable_path/Frameworks",
				);
				MARKETING_VERSION = 1.0;
				PRODUCT_BUNDLE_IDENTIFIER = com.tuan.ThreadsClone;
				PRODUCT_NAME = "$(TARGET_NAME)";
				SWIFT_EMIT_LOC_STRINGS = YES;
				SWIFT_VERSION = 5.0;
				TARGETED_DEVICE_FAMILY = "1,2";
			};
			name = Debug;
		};
		2256757A2BCD86540095C19C /* Release */ = {
			isa = XCBuildConfiguration;
			buildSettings = {
				ASSETCATALOG_COMPILER_APPICON_NAME = AppIcon;
				ASSETCATALOG_COMPILER_GLOBAL_ACCENT_COLOR_NAME = AccentColor;
				CODE_SIGN_STYLE = Automatic;
				CURRENT_PROJECT_VERSION = 1;
				DEVELOPMENT_ASSET_PATHS = "\"ThreadsClone/Preview Content\"";
				ENABLE_PREVIEWS = YES;
				GENERATE_INFOPLIST_FILE = YES;
				INFOPLIST_KEY_UIApplicationSceneManifest_Generation = YES;
				INFOPLIST_KEY_UIApplicationSupportsIndirectInputEvents = YES;
				INFOPLIST_KEY_UILaunchScreen_Generation = YES;
				INFOPLIST_KEY_UISupportedInterfaceOrientations_iPad = "UIInterfaceOrientationPortrait UIInterfaceOrientationPortraitUpsideDown UIInterfaceOrientationLandscapeLeft UIInterfaceOrientationLandscapeRight";
				INFOPLIST_KEY_UISupportedInterfaceOrientations_iPhone = "UIInterfaceOrientationPortrait UIInterfaceOrientationLandscapeLeft UIInterfaceOrientationLandscapeRight";
				LD_RUNPATH_SEARCH_PATHS = (
					"$(inherited)",
					"@executable_path/Frameworks",
				);
				MARKETING_VERSION = 1.0;
				PRODUCT_BUNDLE_IDENTIFIER = com.tuan.ThreadsClone;
				PRODUCT_NAME = "$(TARGET_NAME)";
				SWIFT_EMIT_LOC_STRINGS = YES;
				SWIFT_VERSION = 5.0;
				TARGETED_DEVICE_FAMILY = "1,2";
			};
			name = Release;
		};
/* End XCBuildConfiguration section */

/* Begin XCConfigurationList section */
		225675652BCD86510095C19C /* Build configuration list for PBXProject "ThreadsClone" */ = {
			isa = XCConfigurationList;
			buildConfigurations = (
				225675762BCD86540095C19C /* Debug */,
				225675772BCD86540095C19C /* Release */,
			);
			defaultConfigurationIsVisible = 0;
			defaultConfigurationName = Release;
		};
		225675782BCD86540095C19C /* Build configuration list for PBXNativeTarget "ThreadsClone" */ = {
			isa = XCConfigurationList;
			buildConfigurations = (
				225675792BCD86540095C19C /* Debug */,
				2256757A2BCD86540095C19C /* Release */,
			);
			defaultConfigurationIsVisible = 0;
			defaultConfigurationName = Release;
		};
/* End XCConfigurationList section */

/* Begin XCRemoteSwiftPackageReference section */
		228B099D2BD3AF3300ECBCE1 /* XCRemoteSwiftPackageReference "firebase-ios-sdk" */ = {
			isa = XCRemoteSwiftPackageReference;
			repositoryURL = "https://github.com/firebase/firebase-ios-sdk";
			requirement = {
				kind = upToNextMajorVersion;
				minimumVersion = 10.0.0;
			};
		};
/* End XCRemoteSwiftPackageReference section */

/* Begin XCSwiftPackageProductDependency section */
		228B099E2BD3AF3300ECBCE1 /* FirebaseAuth */ = {
			isa = XCSwiftPackageProductDependency;
			package = 228B099D2BD3AF3300ECBCE1 /* XCRemoteSwiftPackageReference "firebase-ios-sdk" */;
			productName = FirebaseAuth;
		};
		228B09A02BD3AF3300ECBCE1 /* FirebaseFirestore */ = {
			isa = XCSwiftPackageProductDependency;
			package = 228B099D2BD3AF3300ECBCE1 /* XCRemoteSwiftPackageReference "firebase-ios-sdk" */;
			productName = FirebaseFirestore;
		};
		228B09A22BD3AF3300ECBCE1 /* FirebaseFirestoreSwift */ = {
			isa = XCSwiftPackageProductDependency;
			package = 228B099D2BD3AF3300ECBCE1 /* XCRemoteSwiftPackageReference "firebase-ios-sdk" */;
			productName = FirebaseFirestoreSwift;
		};
		228B09A42BD3AF3300ECBCE1 /* FirebaseStorage */ = {
			isa = XCSwiftPackageProductDependency;
			package = 228B099D2BD3AF3300ECBCE1 /* XCRemoteSwiftPackageReference "firebase-ios-sdk" */;
			productName = FirebaseStorage;
		};
/* End XCSwiftPackageProductDependency section */
	};
	rootObject = 225675622BCD86510095C19C /* Project object */;
}
